
Microsoft Visual Studio Solution File, Format Version 12.00
# Visual Studio Version 17
VisualStudioVersion = 17.14.36127.28
MinimumVisualStudioVersion = 10.0.40219.1
Project("{FAE04EC0-301F-11D3-BF4B-00C04F79EFBC}") = "AssemblyCSharp", "AssemblyCSharp\AssemblyCSharp.csproj", "{D14A1851-5ADE-0AD9-4B1F-6CD204DB1A0E}"
EndProject
Project("{FAE04EC0-301F-11D3-BF4B-00C04F79EFBC}") = "QLTK_TOOL_TDST", "QLTK_TOOL_TDST\QLTK_TOOL_TDST.csproj", "{D85A74A8-D1C1-43C2-BC72-BEBFFE8BD5BE}"
EndProject
Global
	GlobalSection(SolutionConfigurationPlatforms) = preSolution
		Debug|Any CPU = Debug|Any CPU
		Release|Any CPU = Release|Any CPU
	EndGlobalSection
	GlobalSection(ProjectConfigurationPlatforms) = postSolution
		{D14A1851-5ADE-0AD9-4B1F-6CD204DB1A0E}.Debug|Any CPU.ActiveCfg = Debug|Any CPU
		{D14A1851-5ADE-0AD9-4B1F-6CD204DB1A0E}.Debug|Any CPU.Build.0 = Debug|Any CPU
		{D14A1851-5ADE-0AD9-4B1F-6CD204DB1A0E}.Release|Any CPU.ActiveCfg = Release|Any CPU
		{D14A1851-5ADE-0AD9-4B1F-6CD204DB1A0E}.Release|Any CPU.Build.0 = Release|Any CPU
		{D85A74A8-D1C1-43C2-BC72-BEBFFE8BD5BE}.Debug|Any CPU.ActiveCfg = Debug|Any CPU
		{D85A74A8-D1C1-43C2-BC72-BEBFFE8BD5BE}.Debug|Any CPU.Build.0 = Debug|Any CPU
		{D85A74A8-D1C1-43C2-BC72-BEBFFE8BD5BE}.Release|Any CPU.ActiveCfg = Release|Any CPU
		{D85A74A8-D1C1-43C2-BC72-BEBFFE8BD5BE}.Release|Any CPU.Build.0 = Release|Any CPU
	EndGlobalSection
	GlobalSection(SolutionProperties) = preSolution
		HideSolutionNode = FALSE
	EndGlobalSection
	GlobalSection(ExtensibilityGlobals) = postSolution
		SolutionGuid = {75DAF29A-C0DA-4198-AA2C-AC0C0102D27E}
	EndGlobalSection
EndGlobal
